
Microsoft Visual Studio Solution File, Format Version 12.00
# Visual Studio 2013
VisualStudioVersion = 12.0.31101.0
MinimumVisualStudioVersion = 10.0.40219.1
Project("{070BCB52-5A75-4F8C-A973-144AF0EAFCC9}") = "AppBuilder1", "AppBuilder1.iceproj", "{4B478C9A-8ABB-4E4A-B2AF-49B6B678E486}"
EndProject
Global
	GlobalSection(SolutionConfigurationPlatforms) = preSolution
		Debug|Any CPU = Debug|Any CPU
		Release|Any CPU = Release|Any CPU
	EndGlobalSection
	GlobalSection(ProjectConfigurationPlatforms) = postSolution
		{4B478C9A-8ABB-4E4A-B2AF-49B6B678E486}.Debug|Any CPU.ActiveCfg = Debug|Any CPU
		{4B478C9A-8ABB-4E4A-B2AF-49B6B678E486}.Debug|Any CPU.Build.0 = Debug|Any CPU
		{4B478C9A-8ABB-4E4A-B2AF-49B6B678E486}.Release|Any CPU.ActiveCfg = Release|Any CPU
		{4B478C9A-8ABB-4E4A-B2AF-49B6B678E486}.Release|Any CPU.Build.0 = Release|Any CPU
	EndGlobalSection
	GlobalSection(SolutionProperties) = preSolution
		HideSolutionNode = FALSE
	EndGlobalSection
EndGlobal
